{
  "requires": true,
  "lockfileVersion": 1,
  "dependencies": {
    "@ohnaka0410/minimal-modal": {
      "version": "1.0.4",
      "resolved": "https://registry.npmjs.org/@ohnaka0410/minimal-modal/-/minimal-modal-1.0.4.tgz",
      "integrity": "sha512-sOZfnmlI0+8v3S7YQyPE09PgEPogwHesud6ZCfutOkO+nV6joXHbRQjOAEOtkljsYeByykNKMLozHkkn2GMN2A==",
      "requires": {
        "body-scroll-lock": "^3.1.5",
        "focus-trap": "^6.1.4",
        "tslib": "^2.0.3"
      }
    },
    "body-scroll-lock": {
      "version": "3.1.5",
      "resolved": "https://registry.npmjs.org/body-scroll-lock/-/body-scroll-lock-3.1.5.tgz",
      "integrity": "sha512-Yi1Xaml0EvNA0OYWxXiYNqY24AfWkbA6w5vxE7GWxtKfzIbZM+Qw+aSmkgsbWzbHiy/RCSkUZBplVxTA+E4jJg=="
    },
    "focus-trap": {
      "version": "6.2.0",
      "resolved": "https://registry.npmjs.org/focus-trap/-/focus-trap-6.2.0.tgz",
      "integrity": "sha512-CO9ovKkTdoo4eKQJ2/nLIsDyCwEDKfbeuW27PqFJZQoPzVwrbDj6RhPvVxPbj2kzOrWN7sVEMeIVzeqSXFd15g==",
      "requires": {
        "tabbable": "^5.1.3"
      }
    },
    "tabbable": {
      "version": "5.1.3",
      "resolved": "https://registry.npmjs.org/tabbable/-/tabbable-5.1.3.tgz",
      "integrity": "sha512-jqR3rOgeyNlYWDWoyjNTWuHk3+FObu3Fw4e0zjeOLBicI74TT/wGrvSbJUaFVs7FMfiY0Ee8CKM7QaJwVMT4YA=="
    },
    "tslib": {
      "version": "2.0.3",
      "resolved": "https://registry.npmjs.org/tslib/-/tslib-2.0.3.tgz",
      "integrity": "sha512-uZtkfKblCEQtZKBF6EBXVZeQNl82yqtDQdv+eck8u7tdPxjLu2/lp5/uPW+um2tpuxINHWy3GhiccY7QgEaVHQ=="
    }
  }
}
